
Microsoft Visual Studio Solution File, Format Version 12.00
# Visual Studio Version 16
VisualStudioVersion = 16.0.31112.23
MinimumVisualStudioVersion = 10.0.40219.1
Project("{FAE04EC0-301F-11D3-BF4B-00C04F79EFBC}") = "LaConsolaEjercicio1", "LaConsolaEjercicio1\LaConsolaEjercicio1.csproj", "{ED9C0472-A061-447A-9B17-8C6A695CEBD4}"
EndProject
Global
	GlobalSection(SolutionConfigurationPlatforms) = preSolution
		Debug|Any CPU = Debug|Any CPU
		Release|Any CPU = Release|Any CPU
	EndGlobalSection
	GlobalSection(ProjectConfigurationPlatforms) = postSolution
		{ED9C0472-A061-447A-9B17-8C6A695CEBD4}.Debug|Any CPU.ActiveCfg = Debug|Any CPU
		{ED9C0472-A061-447A-9B17-8C6A695CEBD4}.Debug|Any CPU.Build.0 = Debug|Any CPU
		{ED9C0472-A061-447A-9B17-8C6A695CEBD4}.Release|Any CPU.ActiveCfg = Release|Any CPU
		{ED9C0472-A061-447A-9B17-8C6A695CEBD4}.Release|Any CPU.Build.0 = Release|Any CPU
	EndGlobalSection
	GlobalSection(SolutionProperties) = preSolution
		HideSolutionNode = FALSE
	EndGlobalSection
	GlobalSection(ExtensibilityGlobals) = postSolution
		SolutionGuid = {EDEB05D6-5EF3-4E0F-811C-7005E9B167A2}
	EndGlobalSection
EndGlobal
